
Microsoft Visual Studio Solution File, Format Version 12.00
# Visual Studio 15
VisualStudioVersion = 15.0.26730.16
MinimumVisualStudioVersion = 10.0.40219.1
Project("{8BC9CEB8-8B4A-11D0-8D11-00A0C91BC942}") = "lab11-4", "lab11-4\lab11-4.vcxproj", "{EC891EA5-0EF3-45CB-B59E-CB13CCCE80FE}"
EndProject
Global
	GlobalSection(SolutionConfigurationPlatforms) = preSolution
		Debug|x64 = Debug|x64
		Debug|x86 = Debug|x86
		Release|x64 = Release|x64
		Release|x86 = Release|x86
	EndGlobalSection
	GlobalSection(ProjectConfigurationPlatforms) = postSolution
		{EC891EA5-0EF3-45CB-B59E-CB13CCCE80FE}.Debug|x64.ActiveCfg = Debug|x64
		{EC891EA5-0EF3-45CB-B59E-CB13CCCE80FE}.Debug|x64.Build.0 = Debug|x64
		{EC891EA5-0EF3-45CB-B59E-CB13CCCE80FE}.Debug|x86.ActiveCfg = Debug|Win32
		{EC891EA5-0EF3-45CB-B59E-CB13CCCE80FE}.Debug|x86.Build.0 = Debug|Win32
		{EC891EA5-0EF3-45CB-B59E-CB13CCCE80FE}.Release|x64.ActiveCfg = Release|x64
		{EC891EA5-0EF3-45CB-B59E-CB13CCCE80FE}.Release|x64.Build.0 = Release|x64
		{EC891EA5-0EF3-45CB-B59E-CB13CCCE80FE}.Release|x86.ActiveCfg = Release|Win32
		{EC891EA5-0EF3-45CB-B59E-CB13CCCE80FE}.Release|x86.Build.0 = Release|Win32
	EndGlobalSection
	GlobalSection(SolutionProperties) = preSolution
		HideSolutionNode = FALSE
	EndGlobalSection
	GlobalSection(ExtensibilityGlobals) = postSolution
		SolutionGuid = {32E73CD6-5EEB-467B-8167-91C1CC853A35}
	EndGlobalSection
EndGlobal
